
Microsoft Visual Studio Solution File, Format Version 12.00
# Visual Studio Version 16
VisualStudioVersion = 16.0.33130.400
MinimumVisualStudioVersion = 10.0.40219.1
Project("{FAE04EC0-301F-11D3-BF4B-00C04F79EFBC}") = "Multiplicatio Table", "Multiplicatio Table\Multiplicatio Table.csproj", "{DAE169E1-5DDA-4191-9AF4-FAB5760A3FA3}"
EndProject
Global
	GlobalSection(SolutionConfigurationPlatforms) = preSolution
		Debug|Any CPU = Debug|Any CPU
		Release|Any CPU = Release|Any CPU
	EndGlobalSection
	GlobalSection(ProjectConfigurationPlatforms) = postSolution
		{DAE169E1-5DDA-4191-9AF4-FAB5760A3FA3}.Debug|Any CPU.ActiveCfg = Debug|Any CPU
		{DAE169E1-5DDA-4191-9AF4-FAB5760A3FA3}.Debug|Any CPU.Build.0 = Debug|Any CPU
		{DAE169E1-5DDA-4191-9AF4-FAB5760A3FA3}.Release|Any CPU.ActiveCfg = Release|Any CPU
		{DAE169E1-5DDA-4191-9AF4-FAB5760A3FA3}.Release|Any CPU.Build.0 = Release|Any CPU
	EndGlobalSection
	GlobalSection(SolutionProperties) = preSolution
		HideSolutionNode = FALSE
	EndGlobalSection
	GlobalSection(ExtensibilityGlobals) = postSolution
		SolutionGuid = {CD07D29A-9508-41F5-BEC5-C999A4AAF285}
	EndGlobalSection
EndGlobal
